
Microsoft Visual Studio Solution File, Format Version 12.00
# Visual Studio 2012
Project("{FAE04EC0-301F-11D3-BF4B-00C04F79EFBC}") = "template", "template\template.csproj", "{EDD654BD-912F-4994-B6E3-7A520D8E28CD}"
EndProject
Global
	GlobalSection(SolutionConfigurationPlatforms) = preSolution
		Debug|Any CPU = Debug|Any CPU
		Release|Any CPU = Release|Any CPU
	EndGlobalSection
	GlobalSection(ProjectConfigurationPlatforms) = postSolution
		{EDD654BD-912F-4994-B6E3-7A520D8E28CD}.Debug|Any CPU.ActiveCfg = Debug|Any CPU
		{EDD654BD-912F-4994-B6E3-7A520D8E28CD}.Debug|Any CPU.Build.0 = Debug|Any CPU
		{EDD654BD-912F-4994-B6E3-7A520D8E28CD}.Release|Any CPU.ActiveCfg = Release|Any CPU
		{EDD654BD-912F-4994-B6E3-7A520D8E28CD}.Release|Any CPU.Build.0 = Release|Any CPU
	EndGlobalSection
	GlobalSection(SolutionProperties) = preSolution
		HideSolutionNode = FALSE
	EndGlobalSection
EndGlobal
